
Microsoft Visual Studio Solution File, Format Version 11.00
# Visual Studio 2010
Project("{FAE04EC0-301F-11D3-BF4B-00C04F79EFBC}") = "RibbonUtils", "RibbonUtils\RibbonUtils.csproj", "{6EF29FB0-EA01-4EE2-8642-D11E53115FF0}"
EndProject
Project("{2150E333-8FDC-42A3-9474-1A3956D46DE8}") = "Samples", "Samples", "{543EB6D5-76CA-41CE-AEAE-1876FEC01D24}"
EndProject
Project("{FAE04EC0-301F-11D3-BF4B-00C04F79EFBC}") = "ChessWebPart", "ChessWebPart\ChessWebPart.csproj", "{2F47293D-9894-4504-AED2-EA7AA8B14EF7}"
EndProject
Global
	GlobalSection(SolutionConfigurationPlatforms) = preSolution
		Debug|Any CPU = Debug|Any CPU
		Release|Any CPU = Release|Any CPU
	EndGlobalSection
	GlobalSection(ProjectConfigurationPlatforms) = postSolution
		{6EF29FB0-EA01-4EE2-8642-D11E53115FF0}.Debug|Any CPU.ActiveCfg = Debug|Any CPU
		{6EF29FB0-EA01-4EE2-8642-D11E53115FF0}.Debug|Any CPU.Build.0 = Debug|Any CPU
		{6EF29FB0-EA01-4EE2-8642-D11E53115FF0}.Release|Any CPU.ActiveCfg = Release|Any CPU
		{6EF29FB0-EA01-4EE2-8642-D11E53115FF0}.Release|Any CPU.Build.0 = Release|Any CPU
		{2F47293D-9894-4504-AED2-EA7AA8B14EF7}.Debug|Any CPU.ActiveCfg = Debug|Any CPU
		{2F47293D-9894-4504-AED2-EA7AA8B14EF7}.Debug|Any CPU.Build.0 = Debug|Any CPU
		{2F47293D-9894-4504-AED2-EA7AA8B14EF7}.Debug|Any CPU.Deploy.0 = Debug|Any CPU
		{2F47293D-9894-4504-AED2-EA7AA8B14EF7}.Release|Any CPU.ActiveCfg = Release|Any CPU
		{2F47293D-9894-4504-AED2-EA7AA8B14EF7}.Release|Any CPU.Build.0 = Release|Any CPU
		{2F47293D-9894-4504-AED2-EA7AA8B14EF7}.Release|Any CPU.Deploy.0 = Release|Any CPU
	EndGlobalSection
	GlobalSection(SolutionProperties) = preSolution
		HideSolutionNode = FALSE
	EndGlobalSection
	GlobalSection(NestedProjects) = preSolution
		{2F47293D-9894-4504-AED2-EA7AA8B14EF7} = {543EB6D5-76CA-41CE-AEAE-1876FEC01D24}
	EndGlobalSection
EndGlobal
